
Microsoft Visual Studio Solution File, Format Version 12.00
# Visual Studio Version 17
VisualStudioVersion = 17.13.35828.75 d17.13
MinimumVisualStudioVersion = 10.0.40219.1
Project("{FAE04EC0-301F-11D3-BF4B-00C04F79EFBC}") = "Tarea2", "Tarea2\Tarea2.csproj", "{DC12191A-359A-40A9-9BFA-8A277AF5BED0}"
EndProject
Global
	GlobalSection(SolutionConfigurationPlatforms) = preSolution
		Debug|Any CPU = Debug|Any CPU
		Release|Any CPU = Release|Any CPU
	EndGlobalSection
	GlobalSection(ProjectConfigurationPlatforms) = postSolution
		{DC12191A-359A-40A9-9BFA-8A277AF5BED0}.Debug|Any CPU.ActiveCfg = Debug|Any CPU
		{DC12191A-359A-40A9-9BFA-8A277AF5BED0}.Debug|Any CPU.Build.0 = Debug|Any CPU
		{DC12191A-359A-40A9-9BFA-8A277AF5BED0}.Release|Any CPU.ActiveCfg = Release|Any CPU
		{DC12191A-359A-40A9-9BFA-8A277AF5BED0}.Release|Any CPU.Build.0 = Release|Any CPU
	EndGlobalSection
	GlobalSection(SolutionProperties) = preSolution
		HideSolutionNode = FALSE
	EndGlobalSection
	GlobalSection(ExtensibilityGlobals) = postSolution
		SolutionGuid = {1D4B8318-309F-4891-8BC5-FA13A8841686}
	EndGlobalSection
EndGlobal
